{
  "name": "@athena/observability",
  "version": "0.1.0",
  "lockfileVersion": 3,
  "requires": true,
  "packages": {
    "": {
      "name": "@athena/observability",
      "version": "0.1.0",
      "license": "Apache-2.0",
      "bin": {
        "athena-observe": "bin/athena-observe.mjs"
      },
      "engines": {
        "node": ">=20.11"
      }
    }
  }
}
